// !$*UTF8*$!
{
	archiveVersion = 1;
	classes = {
	};
	objectVersion = 77;
	objects = {

/* Begin PBXBuildFile section */
		BD5D30BD2FBABE7B00828BCF /* EmotionGroup.swift in Sources */ = {isa = PBXBuildFile; fileRef = BD5D30BC2FBABE7B00828BCF /* EmotionGroup.swift */; };
		BD6BB93F2FB2BF3400680784 /* OnboardingPage.swift in Sources */ = {isa = PBXBuildFile; fileRef = BD6BB93E2FB2BF3400680784 /* OnboardingPage.swift */; };
		BD6BB9442FB2BF7600680784 /* OnboardingContent.swift in Sources */ = {isa = PBXBuildFile; fileRef = BD6BB9412FB2BF7600680784 /* OnboardingContent.swift */; };
		BD6BB9452FB2BF7600680784 /* OnboardingPageView.swift in Sources */ = {isa = PBXBuildFile; fileRef = BD6BB9422FB2BF7600680784 /* OnboardingPageView.swift */; };
		BD6BB9462FB2BF7600680784 /* OnboardingView.swift in Sources */ = {isa = PBXBuildFile; fileRef = BD6BB9432FB2BF7600680784 /* OnboardingView.swift */; };
		BDB44AE12FB0CC04003687CD /* Assets.xcassets in Resources */ = {isa = PBXBuildFile; fileRef = BDB44ADE2FB0CC04003687CD /* Assets.xcassets */; };
		BDB44AED2FB127DA003687CD /* DiaryApp.swift in Sources */ = {isa = PBXBuildFile; fileRef = BDB44AEC2FB127DA003687CD /* DiaryApp.swift */; };
		BDB44B242FB12D89003687CD /* DiaryEntry.swift in Sources */ = {isa = PBXBuildFile; fileRef = BDB44B222FB12D89003687CD /* DiaryEntry.swift */; };
		BDB44B252FB12D89003687CD /* Emotion.swift in Sources */ = {isa = PBXBuildFile; fileRef = BDB44B232FB12D89003687CD /* Emotion.swift */; };
		BDB44B272FB12DA9003687CD /* DiaryViewModel.swift in Sources */ = {isa = PBXBuildFile; fileRef = BDB44B262FB12DA9003687CD /* DiaryViewModel.swift */; };
		BDB44B292FB12DBB003687CD /* MainTabView.swift in Sources */ = {isa = PBXBuildFile; fileRef = BDB44B282FB12DBB003687CD /* MainTabView.swift */; };
		BDB44B302FB12E0E003687CD /* WriteTextView.swift in Sources */ = {isa = PBXBuildFile; fileRef = BDB44B2F2FB12E0E003687CD /* WriteTextView.swift */; };
		BDB44B312FB12E0E003687CD /* AddImagesView.swift in Sources */ = {isa = PBXBuildFile; fileRef = BDB44B2B2FB12E0E003687CD /* AddImagesView.swift */; };
		BDB44B322FB12E0E003687CD /* EmotionPickerView.swift in Sources */ = {isa = PBXBuildFile; fileRef = BDB44B2C2FB12E0E003687CD /* EmotionPickerView.swift */; };
		BDB44B332FB12E0E003687CD /* EntryDetailView.swift in Sources */ = {isa = PBXBuildFile; fileRef = BDB44B2D2FB12E0E003687CD /* EntryDetailView.swift */; };
		BDB44B342FB12E0E003687CD /* NewEntryView.swift in Sources */ = {isa = PBXBuildFile; fileRef = BDB44B2E2FB12E0E003687CD /* NewEntryView.swift */; };
		BDB44B3A2FB12E42003687CD /* GalleryView.swift in Sources */ = {isa = PBXBuildFile; fileRef = BDB44B392FB12E42003687CD /* GalleryView.swift */; };
		BDB44B3C2FB12E78003687CD /* DiaryStorage.swift in Sources */ = {isa = PBXBuildFile; fileRef = BDB44B3B2FB12E78003687CD /* DiaryStorage.swift */; };
		BDB44B3E2FB12E81003687CD /* ImageManager.swift in Sources */ = {isa = PBXBuildFile; fileRef = BDB44B3D2FB12E81003687CD /* ImageManager.swift */; };
		BDCC05BD2FB4035A0067C219 /* Goal.swift in Sources */ = {isa = PBXBuildFile; fileRef = BDCC05BC2FB4035A0067C219 /* Goal.swift */; };
		BDCC05BF2FB4037E0067C219 /* GoalStorage.swift in Sources */ = {isa = PBXBuildFile; fileRef = BDCC05BE2FB4037E0067C219 /* GoalStorage.swift */; };
		BDCC05C12FB4038A0067C219 /* GoalsViewModel.swift in Sources */ = {isa = PBXBuildFile; fileRef = BDCC05C02FB4038A0067C219 /* GoalsViewModel.swift */; };
		BDCC05C52FB403C00067C219 /* AddCustomGoalSheet.swift in Sources */ = {isa = PBXBuildFile; fileRef = BDCC05C32FB403C00067C219 /* AddCustomGoalSheet.swift */; };
		BDCC05C62FB403C00067C219 /* GoalsSectionView.swift in Sources */ = {isa = PBXBuildFile; fileRef = BDCC05C42FB403C00067C219 /* GoalsSectionView.swift */; };
		BDCC05C82FB403D10067C219 /* JournalListView 2.swift in Sources */ = {isa = PBXBuildFile; fileRef = BDCC05C72FB403D10067C219 /* JournalListView 2.swift */; };
		BDCC05CB2FB404240067C219 /* GoalSets.swift in Sources */ = {isa = PBXBuildFile; fileRef = BDCC05CA2FB404240067C219 /* GoalSets.swift */; };
/* End PBXBuildFile section */

/* Begin PBXFileReference section */
		BD5D30BC2FBABE7B00828BCF /* EmotionGroup.swift */ = {isa = PBXFileReference; lastKnownFileType = sourcecode.swift; path = EmotionGroup.swift; sourceTree = "<group>"; };
		BD6BB93E2FB2BF3400680784 /* OnboardingPage.swift */ = {isa = PBXFileReference; lastKnownFileType = sourcecode.swift; path = OnboardingPage.swift; sourceTree = "<group>"; };
		BD6BB9412FB2BF7600680784 /* OnboardingContent.swift */ = {isa = PBXFileReference; fileEncoding = 4; lastKnownFileType = sourcecode.swift; path = OnboardingContent.swift; sourceTree = "<group>"; };
		BD6BB9422FB2BF7600680784 /* OnboardingPageView.swift */ = {isa = PBXFileReference; lastKnownFileType = sourcecode.swift; path = OnboardingPageView.swift; sourceTree = "<group>"; };
		BD6BB9432FB2BF7600680784 /* OnboardingView.swift */ = {isa = PBXFileReference; lastKnownFileType = sourcecode.swift; path = OnboardingView.swift; sourceTree = "<group>"; };
		BD86D55D2FAE556D007A8E39 /* Pirulin.app */ = {isa = PBXFileReference; explicitFileType = wrapper.application; includeInIndex = 0; path = Pirulin.app; sourceTree = BUILT_PRODUCTS_DIR; };
		BDB44ADE2FB0CC04003687CD /* Assets.xcassets */ = {isa = PBXFileReference; lastKnownFileType = folder.assetcatalog; path = Assets.xcassets; sourceTree = "<group>"; };
		BDB44AEC2FB127DA003687CD /* DiaryApp.swift */ = {isa = PBXFileReference; lastKnownFileType = sourcecode.swift; path = DiaryApp.swift; sourceTree = "<group>"; };
		BDB44B222FB12D89003687CD /* DiaryEntry.swift */ = {isa = PBXFileReference; lastKnownFileType = sourcecode.swift; path = DiaryEntry.swift; sourceTree = "<group>"; };
		BDB44B232FB12D89003687CD /* Emotion.swift */ = {isa = PBXFileReference; lastKnownFileType = sourcecode.swift; path = Emotion.swift; sourceTree = "<group>"; };
		BDB44B262FB12DA9003687CD /* DiaryViewModel.swift */ = {isa = PBXFileReference; lastKnownFileType = sourcecode.swift; path = DiaryViewModel.swift; sourceTree = "<group>"; };
		BDB44B282FB12DBB003687CD /* MainTabView.swift */ = {isa = PBXFileReference; lastKnownFileType = sourcecode.swift; path = MainTabView.swift; sourceTree = "<group>"; };
		BDB44B2B2FB12E0E003687CD /* AddImagesView.swift */ = {isa = PBXFileReference; lastKnownFileType = sourcecode.swift; path = AddImagesView.swift; sourceTree = "<group>"; };
		BDB44B2C2FB12E0E003687CD /* EmotionPickerView.swift */ = {isa = PBXFileReference; lastKnownFileType = sourcecode.swift; path = EmotionPickerView.swift; sourceTree = "<group>"; };
		BDB44B2D2FB12E0E003687CD /* EntryDetailView.swift */ = {isa = PBXFileReference; lastKnownFileType = sourcecode.swift; path = EntryDetailView.swift; sourceTree = "<group>"; };
		BDB44B2E2FB12E0E003687CD /* NewEntryView.swift */ = {isa = PBXFileReference; lastKnownFileType = sourcecode.swift; path = NewEntryView.swift; sourceTree = "<group>"; };
		BDB44B2F2FB12E0E003687CD /* WriteTextView.swift */ = {isa = PBXFileReference; lastKnownFileType = sourcecode.swift; path = WriteTextView.swift; sourceTree = "<group>"; };
		BDB44B392FB12E42003687CD /* GalleryView.swift */ = {isa = PBXFileReference; lastKnownFileType = sourcecode.swift; path = GalleryView.swift; sourceTree = "<group>"; };
		BDB44B3B2FB12E78003687CD /* DiaryStorage.swift */ = {isa = PBXFileReference; lastKnownFileType = sourcecode.swift; path = DiaryStorage.swift; sourceTree = "<group>"; };
		BDB44B3D2FB12E81003687CD /* ImageManager.swift */ = {isa = PBXFileReference; lastKnownFileType = sourcecode.swift; path = ImageManager.swift; sourceTree = "<group>"; };
		BDCC05BC2FB4035A0067C219 /* Goal.swift */ = {isa = PBXFileReference; lastKnownFileType = sourcecode.swift; path = Goal.swift; sourceTree = "<group>"; };
		BDCC05BE2FB4037E0067C219 /* GoalStorage.swift */ = {isa = PBXFileReference; lastKnownFileType = sourcecode.swift; path = GoalStorage.swift; sourceTree = "<group>"; };
		BDCC05C02FB4038A0067C219 /* GoalsViewModel.swift */ = {isa = PBXFileReference; lastKnownFileType = sourcecode.swift; path = GoalsViewModel.swift; sourceTree = "<group>"; };
		BDCC05C32FB403C00067C219 /* AddCustomGoalSheet.swift */ = {isa = PBXFileReference; lastKnownFileType = sourcecode.swift; path = AddCustomGoalSheet.swift; sourceTree = "<group>"; };
		BDCC05C42FB403C00067C219 /* GoalsSectionView.swift */ = {isa = PBXFileReference; lastKnownFileType = sourcecode.swift; path = GoalsSectionView.swift; sourceTree = "<group>"; };
		BDCC05C72FB403D10067C219 /* JournalListView 2.swift */ = {isa = PBXFileReference; lastKnownFileType = sourcecode.swift; path = "JournalListView 2.swift"; sourceTree = "<group>"; };
		BDCC05CA2FB404240067C219 /* GoalSets.swift */ = {isa = PBXFileReference; lastKnownFileType = sourcecode.swift; path = GoalSets.swift; sourceTree = "<group>"; };
/* End PBXFileReference section */

/* Begin PBXFrameworksBuildPhase section */
		BD86D55A2FAE556D007A8E39 /* Frameworks */ = {
			isa = PBXFrameworksBuildPhase;
			buildActionMask = 2147483647;
			files = (
			);
			runOnlyForDeploymentPostprocessing = 0;
		};
/* End PBXFrameworksBuildPhase section */

/* Begin PBXGroup section */
		BD6BB9402FB2BF4A00680784 /* OnBoarding */ = {
			isa = PBXGroup;
			children = (
				BD6BB9412FB2BF7600680784 /* OnboardingContent.swift */,
				BD6BB9422FB2BF7600680784 /* OnboardingPageView.swift */,
				BD6BB9432FB2BF7600680784 /* OnboardingView.swift */,
			);
			path = OnBoarding;
			sourceTree = "<group>";
		};
		BD86D5542FAE556D007A8E39 = {
			isa = PBXGroup;
			children = (
				BDCC05C92FB404110067C219 /* Goals */,
				BDB44B212FB12D5E003687CD /* Utilities */,
				BDB44B202FB12D51003687CD /* Storage */,
				BDB44B1F2FB12D49003687CD /* Views */,
				BDB44B1E2FB12D38003687CD /* ViewModels */,
				BDB44B1D2FB12CBD003687CD /* Models */,
				BDB44ADE2FB0CC04003687CD /* Assets.xcassets */,
				BDB44AEC2FB127DA003687CD /* DiaryApp.swift */,
				BD86D55E2FAE556D007A8E39 /* Products */,
			);
			sourceTree = "<group>";
		};
		BD86D55E2FAE556D007A8E39 /* Products */ = {
			isa = PBXGroup;
			children = (
				BD86D55D2FAE556D007A8E39 /* Pirulin.app */,
			);
			name = Products;
			sourceTree = "<group>";
		};
		BDB44B1D2FB12CBD003687CD /* Models */ = {
			isa = PBXGroup;
			children = (
				BDB44B222FB12D89003687CD /* DiaryEntry.swift */,
				BDB44B232FB12D89003687CD /* Emotion.swift */,
				BD6BB93E2FB2BF3400680784 /* OnboardingPage.swift */,
				BDCC05BC2FB4035A0067C219 /* Goal.swift */,
				BD5D30BC2FBABE7B00828BCF /* EmotionGroup.swift */,
			);
			path = Models;
			sourceTree = "<group>";
		};
		BDB44B1E2FB12D38003687CD /* ViewModels */ = {
			isa = PBXGroup;
			children = (
				BDB44B262FB12DA9003687CD /* DiaryViewModel.swift */,
				BDCC05C02FB4038A0067C219 /* GoalsViewModel.swift */,
			);
			path = ViewModels;
			sourceTree = "<group>";
		};
		BDB44B1F2FB12D49003687CD /* Views */ = {
			isa = PBXGroup;
			children = (
				BDCC05C22FB4039D0067C219 /* Goals */,
				BD6BB9402FB2BF4A00680784 /* OnBoarding */,
				BDB44B382FB12E30003687CD /* Gallery */,
				BDB44B352FB12E11003687CD /* Journal */,
				BDB44B2A2FB12DD0003687CD /* Diary */,
				BDB44B282FB12DBB003687CD /* MainTabView.swift */,
			);
			path = Views;
			sourceTree = "<group>";
		};
		BDB44B202FB12D51003687CD /* Storage */ = {
			isa = PBXGroup;
			children = (
				BDB44B3B2FB12E78003687CD /* DiaryStorage.swift */,
				BDCC05BE2FB4037E0067C219 /* GoalStorage.swift */,
			);
			path = Storage;
			sourceTree = "<group>";
		};
		BDB44B212FB12D5E003687CD /* Utilities */ = {
			isa = PBXGroup;
			children = (
				BDB44B3D2FB12E81003687CD /* ImageManager.swift */,
			);
			path = Utilities;
			sourceTree = "<group>";
		};
		BDB44B2A2FB12DD0003687CD /* Diary */ = {
			isa = PBXGroup;
			children = (
				BDB44B2B2FB12E0E003687CD /* AddImagesView.swift */,
				BDB44B2C2FB12E0E003687CD /* EmotionPickerView.swift */,
				BDB44B2D2FB12E0E003687CD /* EntryDetailView.swift */,
				BDB44B2E2FB12E0E003687CD /* NewEntryView.swift */,
				BDB44B2F2FB12E0E003687CD /* WriteTextView.swift */,
			);
			path = Diary;
			sourceTree = "<group>";
		};
		BDB44B352FB12E11003687CD /* Journal */ = {
			isa = PBXGroup;
			children = (
				BDCC05C72FB403D10067C219 /* JournalListView 2.swift */,
			);
			path = Journal;
			sourceTree = "<group>";
		};
		BDB44B382FB12E30003687CD /* Gallery */ = {
			isa = PBXGroup;
			children = (
				BDB44B392FB12E42003687CD /* GalleryView.swift */,
			);
			path = Gallery;
			sourceTree = "<group>";
		};
		BDCC05C22FB4039D0067C219 /* Goals */ = {
			isa = PBXGroup;
			children = (
				BDCC05C32FB403C00067C219 /* AddCustomGoalSheet.swift */,
				BDCC05C42FB403C00067C219 /* GoalsSectionView.swift */,
			);
			path = Goals;
			sourceTree = "<group>";
		};
		BDCC05C92FB404110067C219 /* Goals */ = {
			isa = PBXGroup;
			children = (
				BDCC05CA2FB404240067C219 /* GoalSets.swift */,
			);
			path = Goals;
			sourceTree = "<group>";
		};
/* End PBXGroup section */

/* Begin PBXNativeTarget section */
		BD86D55C2FAE556D007A8E39 /* Pirulin */ = {
			isa = PBXNativeTarget;
			buildConfigurationList = BD86D5682FAE556E007A8E39 /* Build configuration list for PBXNativeTarget "Pirulin" */;
			buildPhases = (
				BD86D5592FAE556D007A8E39 /* Sources */,
				BD86D55A2FAE556D007A8E39 /* Frameworks */,
				BD86D55B2FAE556D007A8E39 /* Resources */,
			);
			buildRules = (
			);
			dependencies = (
			);
			name = Pirulin;
			packageProductDependencies = (
			);
			productName = Pirulin;
			productReference = BD86D55D2FAE556D007A8E39 /* Pirulin.app */;
			productType = "com.apple.product-type.application";
		};
/* End PBXNativeTarget section */

/* Begin PBXProject section */
		BD86D5552FAE556D007A8E39 /* Project object */ = {
			isa = PBXProject;
			attributes = {
				BuildIndependentTargetsInParallel = 1;
				LastSwiftUpdateCheck = 2630;
				LastUpgradeCheck = 2630;
				TargetAttributes = {
					BD86D55C2FAE556D007A8E39 = {
						CreatedOnToolsVersion = 26.3;
					};
				};
			};
			buildConfigurationList = BD86D5582FAE556D007A8E39 /* Build configuration list for PBXProject "Pirulin" */;
			developmentRegion = en;
			hasScannedForEncodings = 0;
			knownRegions = (
				en,
				Base,
			);
			mainGroup = BD86D5542FAE556D007A8E39;
			minimizedProjectReferenceProxies = 1;
			preferredProjectObjectVersion = 77;
			productRefGroup = BD86D55E2FAE556D007A8E39 /* Products */;
			projectDirPath = "";
			projectRoot = "";
			targets = (
				BD86D55C2FAE556D007A8E39 /* Pirulin */,
			);
		};
/* End PBXProject section */

/* Begin PBXResourcesBuildPhase section */
		BD86D55B2FAE556D007A8E39 /* Resources */ = {
			isa = PBXResourcesBuildPhase;
			buildActionMask = 2147483647;
			files = (
				BDB44AE12FB0CC04003687CD /* Assets.xcassets in Resources */,
			);
			runOnlyForDeploymentPostprocessing = 0;
		};
/* End PBXResourcesBuildPhase section */

/* Begin PBXSourcesBuildPhase section */
		BD86D5592FAE556D007A8E39 /* Sources */ = {
			isa = PBXSourcesBuildPhase;
			buildActionMask = 2147483647;
			files = (
				BDCC05BF2FB4037E0067C219 /* GoalStorage.swift in Sources */,
				BDB44B272FB12DA9003687CD /* DiaryViewModel.swift in Sources */,
				BDB44AED2FB127DA003687CD /* DiaryApp.swift in Sources */,
				BDB44B242FB12D89003687CD /* DiaryEntry.swift in Sources */,
				BDB44B252FB12D89003687CD /* Emotion.swift in Sources */,
				BDB44B292FB12DBB003687CD /* MainTabView.swift in Sources */,
				BDB44B3C2FB12E78003687CD /* DiaryStorage.swift in Sources */,
				BDB44B302FB12E0E003687CD /* WriteTextView.swift in Sources */,
				BDB44B3A2FB12E42003687CD /* GalleryView.swift in Sources */,
				BDCC05C52FB403C00067C219 /* AddCustomGoalSheet.swift in Sources */,
				BDCC05CB2FB404240067C219 /* GoalSets.swift in Sources */,
				BDCC05C62FB403C00067C219 /* GoalsSectionView.swift in Sources */,
				BDB44B3E2FB12E81003687CD /* ImageManager.swift in Sources */,
				BD5D30BD2FBABE7B00828BCF /* EmotionGroup.swift in Sources */,
				BDCC05C12FB4038A0067C219 /* GoalsViewModel.swift in Sources */,
				BDCC05C82FB403D10067C219 /* JournalListView 2.swift in Sources */,
				BDB44B312FB12E0E003687CD /* AddImagesView.swift in Sources */,
				BD6BB9442FB2BF7600680784 /* OnboardingContent.swift in Sources */,
				BD6BB9452FB2BF7600680784 /* OnboardingPageView.swift in Sources */,
				BD6BB9462FB2BF7600680784 /* OnboardingView.swift in Sources */,
				BDCC05BD2FB4035A0067C219 /* Goal.swift in Sources */,
				BDB44B322FB12E0E003687CD /* EmotionPickerView.swift in Sources */,
				BDB44B332FB12E0E003687CD /* EntryDetailView.swift in Sources */,
				BDB44B342FB12E0E003687CD /* NewEntryView.swift in Sources */,
				BD6BB93F2FB2BF3400680784 /* OnboardingPage.swift in Sources */,
			);
			runOnlyForDeploymentPostprocessing = 0;
		};
/* End PBXSourcesBuildPhase section */

/* Begin XCBuildConfiguration section */
		BD86D5662FAE556E007A8E39 /* Debug */ = {
			isa = XCBuildConfiguration;
			buildSettings = {
				ALWAYS_SEARCH_USER_PATHS = NO;
				ASSETCATALOG_COMPILER_GENERATE_SWIFT_ASSET_SYMBOL_EXTENSIONS = YES;
				CLANG_ANALYZER_NONNULL = YES;
				CLANG_ANALYZER_NUMBER_OBJECT_CONVERSION = YES_AGGRESSIVE;
				CLANG_CXX_LANGUAGE_STANDARD = "gnu++20";
				CLANG_ENABLE_MODULES = YES;
				CLANG_ENABLE_OBJC_ARC = YES;
				CLANG_ENABLE_OBJC_WEAK = YES;
				CLANG_WARN_BLOCK_CAPTURE_AUTORELEASING = YES;
				CLANG_WARN_BOOL_CONVERSION = YES;
				CLANG_WARN_COMMA = YES;
				CLANG_WARN_CONSTANT_CONVERSION = YES;
				CLANG_WARN_DEPRECATED_OBJC_IMPLEMENTATIONS = YES;
				CLANG_WARN_DIRECT_OBJC_ISA_USAGE = YES_ERROR;
				CLANG_WARN_DOCUMENTATION_COMMENTS = YES;
				CLANG_WARN_EMPTY_BODY = YES;
				CLANG_WARN_ENUM_CONVERSION = YES;
				CLANG_WARN_INFINITE_RECURSION = YES;
				CLANG_WARN_INT_CONVERSION = YES;
				CLANG_WARN_NON_LITERAL_NULL_CONVERSION = YES;
				CLANG_WARN_OBJC_IMPLICIT_RETAIN_SELF = YES;
				CLANG_WARN_OBJC_LITERAL_CONVERSION = YES;
				CLANG_WARN_OBJC_ROOT_CLASS = YES_ERROR;
				CLANG_WARN_QUOTED_INCLUDE_IN_FRAMEWORK_HEADER = YES;
				CLANG_WARN_RANGE_LOOP_ANALYSIS = YES;
				CLANG_WARN_STRICT_PROTOTYPES = YES;
				CLANG_WARN_SUSPICIOUS_MOVE = YES;
				CLANG_WARN_UNGUARDED_AVAILABILITY = YES_AGGRESSIVE;
				CLANG_WARN_UNREACHABLE_CODE = YES;
				CLANG_WARN__DUPLICATE_METHOD_MATCH = YES;
				COPY_PHASE_STRIP = NO;
				DEBUG_INFORMATION_FORMAT = dwarf;
				ENABLE_STRICT_OBJC_MSGSEND = YES;
				ENABLE_TESTABILITY = YES;
				ENABLE_USER_SCRIPT_SANDBOXING = YES;
				GCC_C_LANGUAGE_STANDARD = gnu17;
				GCC_DYNAMIC_NO_PIC = NO;
				GCC_NO_COMMON_BLOCKS = YES;
				GCC_OPTIMIZATION_LEVEL = 0;
				GCC_PREPROCESSOR_DEFINITIONS = (
					"DEBUG=1",
					"$(inherited)",
				);
				GCC_WARN_64_TO_32_BIT_CONVERSION = YES;
				GCC_WARN_ABOUT_RETURN_TYPE = YES_ERROR;
				GCC_WARN_UNDECLARED_SELECTOR = YES;
				GCC_WARN_UNINITIALIZED_AUTOS = YES_AGGRESSIVE;
				GCC_WARN_UNUSED_FUNCTION = YES;
				GCC_WARN_UNUSED_VARIABLE = YES;
				LOCALIZATION_PREFERS_STRING_CATALOGS = YES;
				MTL_ENABLE_DEBUG_INFO = INCLUDE_SOURCE;
				MTL_FAST_MATH = YES;
				ONLY_ACTIVE_ARCH = YES;
				SWIFT_ACTIVE_COMPILATION_CONDITIONS = "DEBUG $(inherited)";
				SWIFT_OPTIMIZATION_LEVEL = "-Onone";
			};
			name = Debug;
		};
		BD86D5672FAE556E007A8E39 /* Release */ = {
			isa = XCBuildConfiguration;
			buildSettings = {
				ALWAYS_SEARCH_USER_PATHS = NO;
				ASSETCATALOG_COMPILER_GENERATE_SWIFT_ASSET_SYMBOL_EXTENSIONS = YES;
				CLANG_ANALYZER_NONNULL = YES;
				CLANG_ANALYZER_NUMBER_OBJECT_CONVERSION = YES_AGGRESSIVE;
				CLANG_CXX_LANGUAGE_STANDARD = "gnu++20";
				CLANG_ENABLE_MODULES = YES;
				CLANG_ENABLE_OBJC_ARC = YES;
				CLANG_ENABLE_OBJC_WEAK = YES;
				CLANG_WARN_BLOCK_CAPTURE_AUTORELEASING = YES;
				CLANG_WARN_BOOL_CONVERSION = YES;
				CLANG_WARN_COMMA = YES;
				CLANG_WARN_CONSTANT_CONVERSION = YES;
				CLANG_WARN_DEPRECATED_OBJC_IMPLEMENTATIONS = YES;
				CLANG_WARN_DIRECT_OBJC_ISA_USAGE = YES_ERROR;
				CLANG_WARN_DOCUMENTATION_COMMENTS = YES;
				CLANG_WARN_EMPTY_BODY = YES;
				CLANG_WARN_ENUM_CONVERSION = YES;
				CLANG_WARN_INFINITE_RECURSION = YES;
				CLANG_WARN_INT_CONVERSION = YES;
				CLANG_WARN_NON_LITERAL_NULL_CONVERSION = YES;
				CLANG_WARN_OBJC_IMPLICIT_RETAIN_SELF = YES;
				CLANG_WARN_OBJC_LITERAL_CONVERSION = YES;
				CLANG_WARN_OBJC_ROOT_CLASS = YES_ERROR;
				CLANG_WARN_QUOTED_INCLUDE_IN_FRAMEWORK_HEADER = YES;
				CLANG_WARN_RANGE_LOOP_ANALYSIS = YES;
				CLANG_WARN_STRICT_PROTOTYPES = YES;
				CLANG_WARN_SUSPICIOUS_MOVE = YES;
				CLANG_WARN_UNGUARDED_AVAILABILITY = YES_AGGRESSIVE;
				CLANG_WARN_UNREACHABLE_CODE = YES;
				CLANG_WARN__DUPLICATE_METHOD_MATCH = YES;
				COPY_PHASE_STRIP = NO;
				DEBUG_INFORMATION_FORMAT = "dwarf-with-dsym";
				ENABLE_NS_ASSERTIONS = NO;
				ENABLE_STRICT_OBJC_MSGSEND = YES;
				ENABLE_USER_SCRIPT_SANDBOXING = YES;
				GCC_C_LANGUAGE_STANDARD = gnu17;
				GCC_NO_COMMON_BLOCKS = YES;
				GCC_WARN_64_TO_32_BIT_CONVERSION = YES;
				GCC_WARN_ABOUT_RETURN_TYPE = YES_ERROR;
				GCC_WARN_UNDECLARED_SELECTOR = YES;
				GCC_WARN_UNINITIALIZED_AUTOS = YES_AGGRESSIVE;
				GCC_WARN_UNUSED_FUNCTION = YES;
				GCC_WARN_UNUSED_VARIABLE = YES;
				LOCALIZATION_PREFERS_STRING_CATALOGS = YES;
				MTL_ENABLE_DEBUG_INFO = NO;
				MTL_FAST_MATH = YES;
				SWIFT_COMPILATION_MODE = wholemodule;
			};
			name = Release;
		};
		BD86D5692FAE556E007A8E39 /* Debug */ = {
			isa = XCBuildConfiguration;
			buildSettings = {
				ASSETCATALOG_COMPILER_APPICON_NAME = AppIcon;
				ASSETCATALOG_COMPILER_GLOBAL_ACCENT_COLOR_NAME = AccentColor;
				CODE_SIGN_IDENTITY = "Apple Development";
				CODE_SIGN_STYLE = Automatic;
				CURRENT_PROJECT_VERSION = 1;
				DEVELOPMENT_TEAM = RM85R68T55;
				ENABLE_APP_SANDBOX = YES;
				ENABLE_PREVIEWS = YES;
				ENABLE_USER_SELECTED_FILES = readonly;
				GENERATE_INFOPLIST_FILE = YES;
				"INFOPLIST_KEY_UIApplicationSceneManifest_Generation[sdk=iphoneos*]" = YES;
				"INFOPLIST_KEY_UIApplicationSceneManifest_Generation[sdk=iphonesimulator*]" = YES;
				"INFOPLIST_KEY_UIApplicationSupportsIndirectInputEvents[sdk=iphoneos*]" = YES;
				"INFOPLIST_KEY_UIApplicationSupportsIndirectInputEvents[sdk=iphonesimulator*]" = YES;
				"INFOPLIST_KEY_UILaunchScreen_Generation[sdk=iphoneos*]" = YES;
				"INFOPLIST_KEY_UILaunchScreen_Generation[sdk=iphonesimulator*]" = YES;
				"INFOPLIST_KEY_UIStatusBarStyle[sdk=iphoneos*]" = UIStatusBarStyleDefault;
				"INFOPLIST_KEY_UIStatusBarStyle[sdk=iphonesimulator*]" = UIStatusBarStyleDefault;
				INFOPLIST_KEY_UISupportedInterfaceOrientations_iPad = "UIInterfaceOrientationPortrait UIInterfaceOrientationPortraitUpsideDown UIInterfaceOrientationLandscapeLeft UIInterfaceOrientationLandscapeRight";
				INFOPLIST_KEY_UISupportedInterfaceOrientations_iPhone = "UIInterfaceOrientationPortrait UIInterfaceOrientationLandscapeLeft UIInterfaceOrientationLandscapeRight";
				IPHONEOS_DEPLOYMENT_TARGET = 26.2;
				LD_RUNPATH_SEARCH_PATHS = "@executable_path/Frameworks";
				"LD_RUNPATH_SEARCH_PATHS[sdk=macosx*]" = "@executable_path/../Frameworks";
				MACOSX_DEPLOYMENT_TARGET = 26.2;
				MARKETING_VERSION = 1.0;
				PRODUCT_BUNDLE_IDENTIFIER = com.estudiante.Pirulin;
				PRODUCT_NAME = "$(TARGET_NAME)";
				PROVISIONING_PROFILE_SPECIFIER = "";
				REGISTER_APP_GROUPS = YES;
				SDKROOT = auto;
				STRING_CATALOG_GENERATE_SYMBOLS = YES;
				SUPPORTED_PLATFORMS = "iphoneos iphonesimulator macosx xros xrsimulator";
				SWIFT_APPROACHABLE_CONCURRENCY = YES;
				SWIFT_DEFAULT_ACTOR_ISOLATION = MainActor;
				SWIFT_EMIT_LOC_STRINGS = YES;
				SWIFT_UPCOMING_FEATURE_MEMBER_IMPORT_VISIBILITY = YES;
				SWIFT_VERSION = 5.0;
				TARGETED_DEVICE_FAMILY = "1,2,7";
				XROS_DEPLOYMENT_TARGET = 26.2;
			};
			name = Debug;
		};
		BD86D56A2FAE556E007A8E39 /* Release */ = {
			isa = XCBuildConfiguration;
			buildSettings = {
				ASSETCATALOG_COMPILER_APPICON_NAME = AppIcon;
				ASSETCATALOG_COMPILER_GLOBAL_ACCENT_COLOR_NAME = AccentColor;
				CODE_SIGN_IDENTITY = "Apple Development";
				CODE_SIGN_STYLE = Automatic;
				CURRENT_PROJECT_VERSION = 1;
				DEVELOPMENT_TEAM = RM85R68T55;
				ENABLE_APP_SANDBOX = YES;
				ENABLE_PREVIEWS = YES;
				ENABLE_USER_SELECTED_FILES = readonly;
				GENERATE_INFOPLIST_FILE = YES;
				"INFOPLIST_KEY_UIApplicationSceneManifest_Generation[sdk=iphoneos*]" = YES;
				"INFOPLIST_KEY_UIApplicationSceneManifest_Generation[sdk=iphonesimulator*]" = YES;
				"INFOPLIST_KEY_UIApplicationSupportsIndirectInputEvents[sdk=iphoneos*]" = YES;
				"INFOPLIST_KEY_UIApplicationSupportsIndirectInputEvents[sdk=iphonesimulator*]" = YES;
				"INFOPLIST_KEY_UILaunchScreen_Generation[sdk=iphoneos*]" = YES;
				"INFOPLIST_KEY_UILaunchScreen_Generation[sdk=iphonesimulator*]" = YES;
				"INFOPLIST_KEY_UIStatusBarStyle[sdk=iphoneos*]" = UIStatusBarStyleDefault;
				"INFOPLIST_KEY_UIStatusBarStyle[sdk=iphonesimulator*]" = UIStatusBarStyleDefault;
				INFOPLIST_KEY_UISupportedInterfaceOrientations_iPad = "UIInterfaceOrientationPortrait UIInterfaceOrientationPortraitUpsideDown UIInterfaceOrientationLandscapeLeft UIInterfaceOrientationLandscapeRight";
				INFOPLIST_KEY_UISupportedInterfaceOrientations_iPhone = "UIInterfaceOrientationPortrait UIInterfaceOrientationLandscapeLeft UIInterfaceOrientationLandscapeRight";
				IPHONEOS_DEPLOYMENT_TARGET = 26.2;
				LD_RUNPATH_SEARCH_PATHS = "@executable_path/Frameworks";
				"LD_RUNPATH_SEARCH_PATHS[sdk=macosx*]" = "@executable_path/../Frameworks";
				MACOSX_DEPLOYMENT_TARGET = 26.2;
				MARKETING_VERSION = 1.0;
				PRODUCT_BUNDLE_IDENTIFIER = com.estudiante.Pirulin;
				PRODUCT_NAME = "$(TARGET_NAME)";
				PROVISIONING_PROFILE_SPECIFIER = "";
				REGISTER_APP_GROUPS = YES;
				SDKROOT = auto;
				STRING_CATALOG_GENERATE_SYMBOLS = YES;
				SUPPORTED_PLATFORMS = "iphoneos iphonesimulator macosx xros xrsimulator";
				SWIFT_APPROACHABLE_CONCURRENCY = YES;
				SWIFT_DEFAULT_ACTOR_ISOLATION = MainActor;
				SWIFT_EMIT_LOC_STRINGS = YES;
				SWIFT_UPCOMING_FEATURE_MEMBER_IMPORT_VISIBILITY = YES;
				SWIFT_VERSION = 5.0;
				TARGETED_DEVICE_FAMILY = "1,2,7";
				XROS_DEPLOYMENT_TARGET = 26.2;
			};
			name = Release;
		};
/* End XCBuildConfiguration section */

/* Begin XCConfigurationList section */
		BD86D5582FAE556D007A8E39 /* Build configuration list for PBXProject "Pirulin" */ = {
			isa = XCConfigurationList;
			buildConfigurations = (
				BD86D5662FAE556E007A8E39 /* Debug */,
				BD86D5672FAE556E007A8E39 /* Release */,
			);
			defaultConfigurationIsVisible = 0;
			defaultConfigurationName = Release;
		};
		BD86D5682FAE556E007A8E39 /* Build configuration list for PBXNativeTarget "Pirulin" */ = {
			isa = XCConfigurationList;
			buildConfigurations = (
				BD86D5692FAE556E007A8E39 /* Debug */,
				BD86D56A2FAE556E007A8E39 /* Release */,
			);
			defaultConfigurationIsVisible = 0;
			defaultConfigurationName = Release;
		};
/* End XCConfigurationList section */
	};
	rootObject = BD86D5552FAE556D007A8E39 /* Project object */;
}
